
Microsoft Visual Studio Solution File, Format Version 12.00
# Visual Studio 2013
VisualStudioVersion = 12.0.30723.0
MinimumVisualStudioVersion = 10.0.40219.1
Project("{FAE04EC0-301F-11D3-BF4B-00C04F79EFBC}") = "EATurner.Data", "EATurner.Data\EATurner.Data.csproj", "{2A338D6C-9ABD-4702-B642-72F7ACC50700}"
EndProject
Project("{FAE04EC0-301F-11D3-BF4B-00C04F79EFBC}") = "EATurner.Web", "EATurner.Web\EATurner.Web.csproj", "{ECFD5CB2-E16D-4FBB-8AF6-3C787F7C34B5}"
EndProject
Global
	GlobalSection(SolutionConfigurationPlatforms) = preSolution
		Debug|Any CPU = Debug|Any CPU
		Release|Any CPU = Release|Any CPU
	EndGlobalSection
	GlobalSection(ProjectConfigurationPlatforms) = postSolution
		{2A338D6C-9ABD-4702-B642-72F7ACC50700}.Debug|Any CPU.ActiveCfg = Debug|Any CPU
		{2A338D6C-9ABD-4702-B642-72F7ACC50700}.Debug|Any CPU.Build.0 = Debug|Any CPU
		{2A338D6C-9ABD-4702-B642-72F7ACC50700}.Release|Any CPU.ActiveCfg = Release|Any CPU
		{2A338D6C-9ABD-4702-B642-72F7ACC50700}.Release|Any CPU.Build.0 = Release|Any CPU
		{ECFD5CB2-E16D-4FBB-8AF6-3C787F7C34B5}.Debug|Any CPU.ActiveCfg = Debug|Any CPU
		{ECFD5CB2-E16D-4FBB-8AF6-3C787F7C34B5}.Debug|Any CPU.Build.0 = Debug|Any CPU
		{ECFD5CB2-E16D-4FBB-8AF6-3C787F7C34B5}.Release|Any CPU.ActiveCfg = Release|Any CPU
		{ECFD5CB2-E16D-4FBB-8AF6-3C787F7C34B5}.Release|Any CPU.Build.0 = Release|Any CPU
	EndGlobalSection
	GlobalSection(SolutionProperties) = preSolution
		HideSolutionNode = FALSE
	EndGlobalSection
EndGlobal
